// !$*UTF8*$!
{
	archiveVersion = 1;
	classes = {
	};
	objectVersion = 48;
	objects = {

/* Begin PBXBuildFile section */
		3D2BDE27229A017F00B46B9B /* AlertPresenter.swift in Sources */ = {isa = PBXBuildFile; fileRef = 3D2BDE26229A017F00B46B9B /* AlertPresenter.swift */; };
		3D2BDE29229A020200B46B9B /* AlertWindow.swift in Sources */ = {isa = PBXBuildFile; fileRef = 3D2BDE28229A020200B46B9B /* AlertWindow.swift */; };
		3D2BDE2B229A030400B46B9B /* AlertViewModel.swift in Sources */ = {isa = PBXBuildFile; fileRef = 3D2BDE2A229A030400B46B9B /* AlertViewModel.swift */; };
		3D44F44922AB24BC005B8A5C /* Queue.swift in Sources */ = {isa = PBXBuildFile; fileRef = 3D44F44822AB24BC005B8A5C /* Queue.swift */; };
		3D532D14227604E3002EE51F /* AlertQueue_ExampleTests.swift in Sources */ = {isa = PBXBuildFile; fileRef = 3D532D13227604E3002EE51F /* AlertQueue_ExampleTests.swift */; };
		3D532D2A227605E0002EE51F /* LaunchScreen.storyboard in Resources */ = {isa = PBXBuildFile; fileRef = 3D532D1F227605E0002EE51F /* LaunchScreen.storyboard */; };
		3D532D2B227605E0002EE51F /* Main.storyboard in Resources */ = {isa = PBXBuildFile; fileRef = 3D532D21227605E0002EE51F /* Main.storyboard */; };
		3D532D2C227605E0002EE51F /* AppDelegate.swift in Sources */ = {isa = PBXBuildFile; fileRef = 3D532D24227605E0002EE51F /* AppDelegate.swift */; };
		3D532D2E227605E0002EE51F /* SliderViewController.swift in Sources */ = {isa = PBXBuildFile; fileRef = 3D532D27227605E0002EE51F /* SliderViewController.swift */; };
		3D532D2F227605E0002EE51F /* Assets.xcassets in Resources */ = {isa = PBXBuildFile; fileRef = 3D532D29227605E0002EE51F /* Assets.xcassets */; };
		3D82703B22A5DD2700B26248 /* CustomAlertViewController.swift in Sources */ = {isa = PBXBuildFile; fileRef = 3D82703A22A5DD2700B26248 /* CustomAlertViewController.swift */; };
/* End PBXBuildFile section */

/* Begin PBXContainerItemProxy section */
		3D532D10227604E3002EE51F /* PBXContainerItemProxy */ = {
			isa = PBXContainerItemProxy;
			containerPortal = 3D532CF3227604E2002EE51F /* Project object */;
			proxyType = 1;
			remoteGlobalIDString = 3D532CFA227604E2002EE51F;
			remoteInfo = "AlertQueue-Example";
		};
/* End PBXContainerItemProxy section */

/* Begin PBXFileReference section */
		3D2BDE26229A017F00B46B9B /* AlertPresenter.swift */ = {isa = PBXFileReference; lastKnownFileType = sourcecode.swift; path = AlertPresenter.swift; sourceTree = "<group>"; };
		3D2BDE28229A020200B46B9B /* AlertWindow.swift */ = {isa = PBXFileReference; lastKnownFileType = sourcecode.swift; path = AlertWindow.swift; sourceTree = "<group>"; };
		3D2BDE2A229A030400B46B9B /* AlertViewModel.swift */ = {isa = PBXFileReference; lastKnownFileType = sourcecode.swift; path = AlertViewModel.swift; sourceTree = "<group>"; };
		3D44F44822AB24BC005B8A5C /* Queue.swift */ = {isa = PBXFileReference; lastKnownFileType = sourcecode.swift; path = Queue.swift; sourceTree = "<group>"; };
		3D532CFB227604E2002EE51F /* AlertQueue-Example.app */ = {isa = PBXFileReference; explicitFileType = wrapper.application; includeInIndex = 0; path = "AlertQueue-Example.app"; sourceTree = BUILT_PRODUCTS_DIR; };
		3D532D0F227604E3002EE51F /* AlertQueue-ExampleTests.xctest */ = {isa = PBXFileReference; explicitFileType = wrapper.cfbundle; includeInIndex = 0; path = "AlertQueue-ExampleTests.xctest"; sourceTree = BUILT_PRODUCTS_DIR; };
		3D532D13227604E3002EE51F /* AlertQueue_ExampleTests.swift */ = {isa = PBXFileReference; lastKnownFileType = sourcecode.swift; path = AlertQueue_ExampleTests.swift; sourceTree = "<group>"; };
		3D532D15227604E3002EE51F /* Info.plist */ = {isa = PBXFileReference; lastKnownFileType = text.plist.xml; path = Info.plist; sourceTree = "<group>"; };
		3D532D20227605E0002EE51F /* Base */ = {isa = PBXFileReference; lastKnownFileType = file.storyboard; name = Base; path = Base.lproj/LaunchScreen.storyboard; sourceTree = "<group>"; };
		3D532D22227605E0002EE51F /* Base */ = {isa = PBXFileReference; lastKnownFileType = file.storyboard; name = Base; path = Base.lproj/Main.storyboard; sourceTree = "<group>"; };
		3D532D24227605E0002EE51F /* AppDelegate.swift */ = {isa = PBXFileReference; fileEncoding = 4; lastKnownFileType = sourcecode.swift; path = AppDelegate.swift; sourceTree = "<group>"; };
		3D532D25227605E0002EE51F /* Info.plist */ = {isa = PBXFileReference; fileEncoding = 4; lastKnownFileType = text.plist.xml; path = Info.plist; sourceTree = "<group>"; };
		3D532D27227605E0002EE51F /* SliderViewController.swift */ = {isa = PBXFileReference; fileEncoding = 4; lastKnownFileType = sourcecode.swift; path = SliderViewController.swift; sourceTree = "<group>"; };
		3D532D29227605E0002EE51F /* Assets.xcassets */ = {isa = PBXFileReference; lastKnownFileType = folder.assetcatalog; path = Assets.xcassets; sourceTree = "<group>"; };
		3D82703A22A5DD2700B26248 /* CustomAlertViewController.swift */ = {isa = PBXFileReference; lastKnownFileType = sourcecode.swift; path = CustomAlertViewController.swift; sourceTree = "<group>"; };
/* End PBXFileReference section */

/* Begin PBXFrameworksBuildPhase section */
		3D532CF8227604E2002EE51F /* Frameworks */ = {
			isa = PBXFrameworksBuildPhase;
			buildActionMask = 2147483647;
			files = (
			);
			runOnlyForDeploymentPostprocessing = 0;
		};
		3D532D0C227604E3002EE51F /* Frameworks */ = {
			isa = PBXFrameworksBuildPhase;
			buildActionMask = 2147483647;
			files = (
			);
			runOnlyForDeploymentPostprocessing = 0;
		};
/* End PBXFrameworksBuildPhase section */

/* Begin PBXGroup section */
		3D2BDE23229A013900B46B9B /* AlertQueue */ = {
			isa = PBXGroup;
			children = (
				3D2BDE26229A017F00B46B9B /* AlertPresenter.swift */,
				3D2BDE2A229A030400B46B9B /* AlertViewModel.swift */,
				3D2BDE28229A020200B46B9B /* AlertWindow.swift */,
				3D44F44822AB24BC005B8A5C /* Queue.swift */,
			);
			path = AlertQueue;
			sourceTree = "<group>";
		};
		3D532CF2227604E2002EE51F = {
			isa = PBXGroup;
			children = (
				3D532CFD227604E2002EE51F /* AlertQueue-Example */,
				3D532D12227604E3002EE51F /* AlertQueue-ExampleTests */,
				3D532CFC227604E2002EE51F /* Products */,
			);
			sourceTree = "<group>";
		};
		3D532CFC227604E2002EE51F /* Products */ = {
			isa = PBXGroup;
			children = (
				3D532CFB227604E2002EE51F /* AlertQueue-Example.app */,
				3D532D0F227604E3002EE51F /* AlertQueue-ExampleTests.xctest */,
			);
			name = Products;
			sourceTree = "<group>";
		};
		3D532CFD227604E2002EE51F /* AlertQueue-Example */ = {
			isa = PBXGroup;
			children = (
				3D2BDE23229A013900B46B9B /* AlertQueue */,
				3D532D23227605E0002EE51F /* Application */,
				3D532D28227605E0002EE51F /* Resources */,
				3D532D1E227605E0002EE51F /* Storyboards */,
				3D532D26227605E0002EE51F /* ViewControllers */,
			);
			path = "AlertQueue-Example";
			sourceTree = "<group>";
		};
		3D532D12227604E3002EE51F /* AlertQueue-ExampleTests */ = {
			isa = PBXGroup;
			children = (
				3D532D13227604E3002EE51F /* AlertQueue_ExampleTests.swift */,
				3D532D15227604E3002EE51F /* Info.plist */,
			);
			path = "AlertQueue-ExampleTests";
			sourceTree = "<group>";
		};
		3D532D1E227605E0002EE51F /* Storyboards */ = {
			isa = PBXGroup;
			children = (
				3D532D1F227605E0002EE51F /* LaunchScreen.storyboard */,
				3D532D21227605E0002EE51F /* Main.storyboard */,
			);
			path = Storyboards;
			sourceTree = "<group>";
		};
		3D532D23227605E0002EE51F /* Application */ = {
			isa = PBXGroup;
			children = (
				3D532D24227605E0002EE51F /* AppDelegate.swift */,
				3D532D25227605E0002EE51F /* Info.plist */,
			);
			path = Application;
			sourceTree = "<group>";
		};
		3D532D26227605E0002EE51F /* ViewControllers */ = {
			isa = PBXGroup;
			children = (
				3D532D27227605E0002EE51F /* SliderViewController.swift */,
				3D82703A22A5DD2700B26248 /* CustomAlertViewController.swift */,
			);
			path = ViewControllers;
			sourceTree = "<group>";
		};
		3D532D28227605E0002EE51F /* Resources */ = {
			isa = PBXGroup;
			children = (
				3D532D29227605E0002EE51F /* Assets.xcassets */,
			);
			path = Resources;
			sourceTree = "<group>";
		};
/* End PBXGroup section */

/* Begin PBXNativeTarget section */
		3D532CFA227604E2002EE51F /* AlertQueue-Example */ = {
			isa = PBXNativeTarget;
			buildConfigurationList = 3D532D18227604E3002EE51F /* Build configuration list for PBXNativeTarget "AlertQueue-Example" */;
			buildPhases = (
				3D532CF7227604E2002EE51F /* Sources */,
				3D532CF8227604E2002EE51F /* Frameworks */,
				3D532CF9227604E2002EE51F /* Resources */,
			);
			buildRules = (
			);
			dependencies = (
			);
			name = "AlertQueue-Example";
			productName = "AlertQueue-Example";
			productReference = 3D532CFB227604E2002EE51F /* AlertQueue-Example.app */;
			productType = "com.apple.product-type.application";
		};
		3D532D0E227604E3002EE51F /* AlertQueue-ExampleTests */ = {
			isa = PBXNativeTarget;
			buildConfigurationList = 3D532D1B227604E3002EE51F /* Build configuration list for PBXNativeTarget "AlertQueue-ExampleTests" */;
			buildPhases = (
				3D532D0B227604E3002EE51F /* Sources */,
				3D532D0C227604E3002EE51F /* Frameworks */,
				3D532D0D227604E3002EE51F /* Resources */,
			);
			buildRules = (
			);
			dependencies = (
				3D532D11227604E3002EE51F /* PBXTargetDependency */,
			);
			name = "AlertQueue-ExampleTests";
			productName = "AlertQueue-ExampleTests";
			productReference = 3D532D0F227604E3002EE51F /* AlertQueue-ExampleTests.xctest */;
			productType = "com.apple.product-type.bundle.unit-test";
		};
/* End PBXNativeTarget section */

/* Begin PBXProject section */
		3D532CF3227604E2002EE51F /* Project object */ = {
			isa = PBXProject;
			attributes = {
				LastSwiftUpdateCheck = 1020;
				LastUpgradeCheck = 1020;
				ORGANIZATIONNAME = "William Boles";
				TargetAttributes = {
					3D532CFA227604E2002EE51F = {
						CreatedOnToolsVersion = 10.2.1;
						ProvisioningStyle = Automatic;
					};
					3D532D0E227604E3002EE51F = {
						CreatedOnToolsVersion = 10.2.1;
						ProvisioningStyle = Automatic;
						TestTargetID = 3D532CFA227604E2002EE51F;
					};
				};
			};
			buildConfigurationList = 3D532CF6227604E2002EE51F /* Build configuration list for PBXProject "AlertQueue-Example" */;
			compatibilityVersion = "Xcode 8.0";
			developmentRegion = en;
			hasScannedForEncodings = 0;
			knownRegions = (
				en,
				Base,
			);
			mainGroup = 3D532CF2227604E2002EE51F;
			productRefGroup = 3D532CFC227604E2002EE51F /* Products */;
			projectDirPath = "";
			projectRoot = "";
			targets = (
				3D532CFA227604E2002EE51F /* AlertQueue-Example */,
				3D532D0E227604E3002EE51F /* AlertQueue-ExampleTests */,
			);
		};
/* End PBXProject section */

/* Begin PBXResourcesBuildPhase section */
		3D532CF9227604E2002EE51F /* Resources */ = {
			isa = PBXResourcesBuildPhase;
			buildActionMask = 2147483647;
			files = (
				3D532D2A227605E0002EE51F /* LaunchScreen.storyboard in Resources */,
				3D532D2B227605E0002EE51F /* Main.storyboard in Resources */,
				3D532D2F227605E0002EE51F /* Assets.xcassets in Resources */,
			);
			runOnlyForDeploymentPostprocessing = 0;
		};
		3D532D0D227604E3002EE51F /* Resources */ = {
			isa = PBXResourcesBuildPhase;
			buildActionMask = 2147483647;
			files = (
			);
			runOnlyForDeploymentPostprocessing = 0;
		};
/* End PBXResourcesBuildPhase section */

/* Begin PBXSourcesBuildPhase section */
		3D532CF7227604E2002EE51F /* Sources */ = {
			isa = PBXSourcesBuildPhase;
			buildActionMask = 2147483647;
			files = (
				3D532D2E227605E0002EE51F /* SliderViewController.swift in Sources */,
				3D532D2C227605E0002EE51F /* AppDelegate.swift in Sources */,
				3D44F44922AB24BC005B8A5C /* Queue.swift in Sources */,
				3D82703B22A5DD2700B26248 /* CustomAlertViewController.swift in Sources */,
				3D2BDE2B229A030400B46B9B /* AlertViewModel.swift in Sources */,
				3D2BDE27229A017F00B46B9B /* AlertPresenter.swift in Sources */,
				3D2BDE29229A020200B46B9B /* AlertWindow.swift in Sources */,
			);
			runOnlyForDeploymentPostprocessing = 0;
		};
		3D532D0B227604E3002EE51F /* Sources */ = {
			isa = PBXSourcesBuildPhase;
			buildActionMask = 2147483647;
			files = (
				3D532D14227604E3002EE51F /* AlertQueue_ExampleTests.swift in Sources */,
			);
			runOnlyForDeploymentPostprocessing = 0;
		};
/* End PBXSourcesBuildPhase section */

/* Begin PBXTargetDependency section */
		3D532D11227604E3002EE51F /* PBXTargetDependency */ = {
			isa = PBXTargetDependency;
			target = 3D532CFA227604E2002EE51F /* AlertQueue-Example */;
			targetProxy = 3D532D10227604E3002EE51F /* PBXContainerItemProxy */;
		};
/* End PBXTargetDependency section */

/* Begin PBXVariantGroup section */
		3D532D1F227605E0002EE51F /* LaunchScreen.storyboard */ = {
			isa = PBXVariantGroup;
			children = (
				3D532D20227605E0002EE51F /* Base */,
			);
			name = LaunchScreen.storyboard;
			sourceTree = "<group>";
		};
		3D532D21227605E0002EE51F /* Main.storyboard */ = {
			isa = PBXVariantGroup;
			children = (
				3D532D22227605E0002EE51F /* Base */,
			);
			name = Main.storyboard;
			sourceTree = "<group>";
		};
/* End PBXVariantGroup section */

/* Begin XCBuildConfiguration section */
		3D532D16227604E3002EE51F /* Debug */ = {
			isa = XCBuildConfiguration;
			buildSettings = {
				ALWAYS_SEARCH_USER_PATHS = NO;
				CLANG_ANALYZER_NONNULL = YES;
				CLANG_ANALYZER_NUMBER_OBJECT_CONVERSION = YES_AGGRESSIVE;
				CLANG_CXX_LANGUAGE_STANDARD = "gnu++14";
				CLANG_CXX_LIBRARY = "libc++";
				CLANG_ENABLE_MODULES = YES;
				CLANG_ENABLE_OBJC_ARC = YES;
				CLANG_ENABLE_OBJC_WEAK = YES;
				CLANG_WARN_BLOCK_CAPTURE_AUTORELEASING = YES;
				CLANG_WARN_BOOL_CONVERSION = YES;
				CLANG_WARN_COMMA = YES;
				CLANG_WARN_CONSTANT_CONVERSION = YES;
				CLANG_WARN_DEPRECATED_OBJC_IMPLEMENTATIONS = YES;
				CLANG_WARN_DIRECT_OBJC_ISA_USAGE = YES_ERROR;
				CLANG_WARN_DOCUMENTATION_COMMENTS = YES;
				CLANG_WARN_EMPTY_BODY = YES;
				CLANG_WARN_ENUM_CONVERSION = YES;
				CLANG_WARN_INFINITE_RECURSION = YES;
				CLANG_WARN_INT_CONVERSION = YES;
				CLANG_WARN_NON_LITERAL_NULL_CONVERSION = YES;
				CLANG_WARN_OBJC_IMPLICIT_RETAIN_SELF = YES;
				CLANG_WARN_OBJC_LITERAL_CONVERSION = YES;
				CLANG_WARN_OBJC_ROOT_CLASS = YES_ERROR;
				CLANG_WARN_RANGE_LOOP_ANALYSIS = YES;
				CLANG_WARN_STRICT_PROTOTYPES = YES;
				CLANG_WARN_SUSPICIOUS_MOVE = YES;
				CLANG_WARN_UNGUARDED_AVAILABILITY = YES_AGGRESSIVE;
				CLANG_WARN_UNREACHABLE_CODE = YES;
				CLANG_WARN__DUPLICATE_METHOD_MATCH = YES;
				CODE_SIGN_IDENTITY = "iPhone Developer";
				COPY_PHASE_STRIP = NO;
				DEBUG_INFORMATION_FORMAT = dwarf;
				ENABLE_STRICT_OBJC_MSGSEND = YES;
				ENABLE_TESTABILITY = YES;
				GCC_C_LANGUAGE_STANDARD = gnu11;
				GCC_DYNAMIC_NO_PIC = NO;
				GCC_NO_COMMON_BLOCKS = YES;
				GCC_OPTIMIZATION_LEVEL = 0;
				GCC_PREPROCESSOR_DEFINITIONS = (
					"DEBUG=1",
					"$(inherited)",
				);
				GCC_WARN_64_TO_32_BIT_CONVERSION = YES;
				GCC_WARN_ABOUT_RETURN_TYPE = YES_ERROR;
				GCC_WARN_UNDECLARED_SELECTOR = YES;
				GCC_WARN_UNINITIALIZED_AUTOS = YES_AGGRESSIVE;
				GCC_WARN_UNUSED_FUNCTION = YES;
				GCC_WARN_UNUSED_VARIABLE = YES;
				IPHONEOS_DEPLOYMENT_TARGET = 12.2;
				MTL_ENABLE_DEBUG_INFO = INCLUDE_SOURCE;
				MTL_FAST_MATH = YES;
				ONLY_ACTIVE_ARCH = YES;
				SDKROOT = iphoneos;
				SWIFT_ACTIVE_COMPILATION_CONDITIONS = DEBUG;
				SWIFT_OPTIMIZATION_LEVEL = "-Onone";
			};
			name = Debug;
		};
		3D532D17227604E3002EE51F /* Release */ = {
			isa = XCBuildConfiguration;
			buildSettings = {
				ALWAYS_SEARCH_USER_PATHS = NO;
				CLANG_ANALYZER_NONNULL = YES;
				CLANG_ANALYZER_NUMBER_OBJECT_CONVERSION = YES_AGGRESSIVE;
				CLANG_CXX_LANGUAGE_STANDARD = "gnu++14";
				CLANG_CXX_LIBRARY = "libc++";
				CLANG_ENABLE_MODULES = YES;
				CLANG_ENABLE_OBJC_ARC = YES;
				CLANG_ENABLE_OBJC_WEAK = YES;
				CLANG_WARN_BLOCK_CAPTURE_AUTORELEASING = YES;
				CLANG_WARN_BOOL_CONVERSION = YES;
				CLANG_WARN_COMMA = YES;
				CLANG_WARN_CONSTANT_CONVERSION = YES;
				CLANG_WARN_DEPRECATED_OBJC_IMPLEMENTATIONS = YES;
				CLANG_WARN_DIRECT_OBJC_ISA_USAGE = YES_ERROR;
				CLANG_WARN_DOCUMENTATION_COMMENTS = YES;
				CLANG_WARN_EMPTY_BODY = YES;
				CLANG_WARN_ENUM_CONVERSION = YES;
				CLANG_WARN_INFINITE_RECURSION = YES;
				CLANG_WARN_INT_CONVERSION = YES;
				CLANG_WARN_NON_LITERAL_NULL_CONVERSION = YES;
				CLANG_WARN_OBJC_IMPLICIT_RETAIN_SELF = YES;
				CLANG_WARN_OBJC_LITERAL_CONVERSION = YES;
				CLANG_WARN_OBJC_ROOT_CLASS = YES_ERROR;
				CLANG_WARN_RANGE_LOOP_ANALYSIS = YES;
				CLANG_WARN_STRICT_PROTOTYPES = YES;
				CLANG_WARN_SUSPICIOUS_MOVE = YES;
				CLANG_WARN_UNGUARDED_AVAILABILITY = YES_AGGRESSIVE;
				CLANG_WARN_UNREACHABLE_CODE = YES;
				CLANG_WARN__DUPLICATE_METHOD_MATCH = YES;
				CODE_SIGN_IDENTITY = "iPhone Developer";
				COPY_PHASE_STRIP = NO;
				DEBUG_INFORMATION_FORMAT = "dwarf-with-dsym";
				ENABLE_NS_ASSERTIONS = NO;
				ENABLE_STRICT_OBJC_MSGSEND = YES;
				GCC_C_LANGUAGE_STANDARD = gnu11;
				GCC_NO_COMMON_BLOCKS = YES;
				GCC_WARN_64_TO_32_BIT_CONVERSION = YES;
				GCC_WARN_ABOUT_RETURN_TYPE = YES_ERROR;
				GCC_WARN_UNDECLARED_SELECTOR = YES;
				GCC_WARN_UNINITIALIZED_AUTOS = YES_AGGRESSIVE;
				GCC_WARN_UNUSED_FUNCTION = YES;
				GCC_WARN_UNUSED_VARIABLE = YES;
				IPHONEOS_DEPLOYMENT_TARGET = 12.2;
				MTL_ENABLE_DEBUG_INFO = NO;
				MTL_FAST_MATH = YES;
				SDKROOT = iphoneos;
				SWIFT_OPTIMIZATION_LEVEL = "-Owholemodule";
				VALIDATE_PRODUCT = YES;
			};
			name = Release;
		};
		3D532D19227604E3002EE51F /* Debug */ = {
			isa = XCBuildConfiguration;
			buildSettings = {
				ASSETCATALOG_COMPILER_APPICON_NAME = AppIcon;
				CODE_SIGN_STYLE = Automatic;
				INFOPLIST_FILE = "AlertQueue-Example/Application/Info.plist";
				LD_RUNPATH_SEARCH_PATHS = "$(inherited) @executable_path/Frameworks";
				PRODUCT_BUNDLE_IDENTIFIER = "com.williamboles.AlertQueue-Example";
				PRODUCT_NAME = "$(TARGET_NAME)";
				SWIFT_VERSION = 5.0;
				TARGETED_DEVICE_FAMILY = "1,2";
			};
			name = Debug;
		};
		3D532D1A227604E3002EE51F /* Release */ = {
			isa = XCBuildConfiguration;
			buildSettings = {
				ASSETCATALOG_COMPILER_APPICON_NAME = AppIcon;
				CODE_SIGN_STYLE = Automatic;
				INFOPLIST_FILE = "AlertQueue-Example/Application/Info.plist";
				LD_RUNPATH_SEARCH_PATHS = "$(inherited) @executable_path/Frameworks";
				PRODUCT_BUNDLE_IDENTIFIER = "com.williamboles.AlertQueue-Example";
				PRODUCT_NAME = "$(TARGET_NAME)";
				SWIFT_VERSION = 5.0;
				TARGETED_DEVICE_FAMILY = "1,2";
			};
			name = Release;
		};
		3D532D1C227604E3002EE51F /* Debug */ = {
			isa = XCBuildConfiguration;
			buildSettings = {
				ALWAYS_EMBED_SWIFT_STANDARD_LIBRARIES = YES;
				BUNDLE_LOADER = "$(TEST_HOST)";
				CODE_SIGN_STYLE = Automatic;
				INFOPLIST_FILE = "AlertQueue-ExampleTests/Info.plist";
				LD_RUNPATH_SEARCH_PATHS = "$(inherited) @executable_path/Frameworks @loader_path/Frameworks";
				PRODUCT_BUNDLE_IDENTIFIER = "com.williamboles.AlertQueue-ExampleTests";
				PRODUCT_NAME = "$(TARGET_NAME)";
				SWIFT_VERSION = 5.0;
				TARGETED_DEVICE_FAMILY = "1,2";
				TEST_HOST = "$(BUILT_PRODUCTS_DIR)/AlertQueue-Example.app/AlertQueue-Example";
			};
			name = Debug;
		};
		3D532D1D227604E3002EE51F /* Release */ = {
			isa = XCBuildConfiguration;
			buildSettings = {
				ALWAYS_EMBED_SWIFT_STANDARD_LIBRARIES = YES;
				BUNDLE_LOADER = "$(TEST_HOST)";
				CODE_SIGN_STYLE = Automatic;
				INFOPLIST_FILE = "AlertQueue-ExampleTests/Info.plist";
				LD_RUNPATH_SEARCH_PATHS = "$(inherited) @executable_path/Frameworks @loader_path/Frameworks";
				PRODUCT_BUNDLE_IDENTIFIER = "com.williamboles.AlertQueue-ExampleTests";
				PRODUCT_NAME = "$(TARGET_NAME)";
				SWIFT_VERSION = 5.0;
				TARGETED_DEVICE_FAMILY = "1,2";
				TEST_HOST = "$(BUILT_PRODUCTS_DIR)/AlertQueue-Example.app/AlertQueue-Example";
			};
			name = Release;
		};
/* End XCBuildConfiguration section */

/* Begin XCConfigurationList section */
		3D532CF6227604E2002EE51F /* Build configuration list for PBXProject "AlertQueue-Example" */ = {
			isa = XCConfigurationList;
			buildConfigurations = (
				3D532D16227604E3002EE51F /* Debug */,
				3D532D17227604E3002EE51F /* Release */,
			);
			defaultConfigurationIsVisible = 0;
			defaultConfigurationName = Release;
		};
		3D532D18227604E3002EE51F /* Build configuration list for PBXNativeTarget "AlertQueue-Example" */ = {
			isa = XCConfigurationList;
			buildConfigurations = (
				3D532D19227604E3002EE51F /* Debug */,
				3D532D1A227604E3002EE51F /* Release */,
			);
			defaultConfigurationIsVisible = 0;
			defaultConfigurationName = Release;
		};
		3D532D1B227604E3002EE51F /* Build configuration list for PBXNativeTarget "AlertQueue-ExampleTests" */ = {
			isa = XCConfigurationList;
			buildConfigurations = (
				3D532D1C227604E3002EE51F /* Debug */,
				3D532D1D227604E3002EE51F /* Release */,
			);
			defaultConfigurationIsVisible = 0;
			defaultConfigurationName = Release;
		};
/* End XCConfigurationList section */
	};
	rootObject = 3D532CF3227604E2002EE51F /* Project object */;
}
